
Microsoft Visual Studio Solution File, Format Version 12.00
# Visual Studio Version 16
VisualStudioVersion = 16.0.30621.155
MinimumVisualStudioVersion = 10.0.40219.1
Project("{2150E333-8FDC-42A3-9474-1A3956D46DE8}") = "Solution Items", "Solution Items", "{C2FE9D10-C9AA-4714-B0D3-07F11717A872}"
	ProjectSection(SolutionItems) = preProject
		README.md = README.md
		sonarscan.bat = sonarscan.bat
	EndProjectSection
EndProject
Project("{9A19103F-16F7-4668-BE54-9A1E7A4F7556}") = "OpenHSK.Domain", "src\OpenHSK.Domain\OpenHSK.Domain.csproj", "{975C1510-9026-49E3-B183-49CCD3BA6676}"
EndProject
Project("{9A19103F-16F7-4668-BE54-9A1E7A4F7556}") = "OpenHSK.Domain.Tests", "tests\OpenHSK.Domain.Test\OpenHSK.Domain.Tests.csproj", "{B28A7761-2223-47BC-B0C3-BBA4761279C6}"
EndProject
Global
	GlobalSection(SolutionConfigurationPlatforms) = preSolution
		Debug|Any CPU = Debug|Any CPU
		Release|Any CPU = Release|Any CPU
	EndGlobalSection
	GlobalSection(ProjectConfigurationPlatforms) = postSolution
		{975C1510-9026-49E3-B183-49CCD3BA6676}.Debug|Any CPU.ActiveCfg = Debug|Any CPU
		{975C1510-9026-49E3-B183-49CCD3BA6676}.Debug|Any CPU.Build.0 = Debug|Any CPU
		{975C1510-9026-49E3-B183-49CCD3BA6676}.Release|Any CPU.ActiveCfg = Release|Any CPU
		{975C1510-9026-49E3-B183-49CCD3BA6676}.Release|Any CPU.Build.0 = Release|Any CPU
		{B28A7761-2223-47BC-B0C3-BBA4761279C6}.Debug|Any CPU.ActiveCfg = Debug|Any CPU
		{B28A7761-2223-47BC-B0C3-BBA4761279C6}.Debug|Any CPU.Build.0 = Debug|Any CPU
		{B28A7761-2223-47BC-B0C3-BBA4761279C6}.Release|Any CPU.ActiveCfg = Release|Any CPU
		{B28A7761-2223-47BC-B0C3-BBA4761279C6}.Release|Any CPU.Build.0 = Release|Any CPU
	EndGlobalSection
	GlobalSection(SolutionProperties) = preSolution
		HideSolutionNode = FALSE
	EndGlobalSection
	GlobalSection(ExtensibilityGlobals) = postSolution
		SolutionGuid = {4212DCE9-0A74-446A-A537-44974990D790}
	EndGlobalSection
EndGlobal
